// !$*UTF8*$!
{
	archiveVersion = 1;
	classes = {
	};
	objectVersion = 55;
	objects = {

/* Begin PBXBuildFile section */
		A3644098276A0FD10022157A /* Circle.swift in Sources */ = {isa = PBXBuildFile; fileRef = A3644097276A0FD10022157A /* Circle.swift */; };
		B794240927622E2600633C19 /* VisionApp.swift in Sources */ = {isa = PBXBuildFile; fileRef = B794240827622E2600633C19 /* VisionApp.swift */; };
		B794240B27622E2600633C19 /* ContentView.swift in Sources */ = {isa = PBXBuildFile; fileRef = B794240A27622E2600633C19 /* ContentView.swift */; };
		B794240D27622E2900633C19 /* Assets.xcassets in Resources */ = {isa = PBXBuildFile; fileRef = B794240C27622E2900633C19 /* Assets.xcassets */; };
		B794241027622E2900633C19 /* Preview Assets.xcassets in Resources */ = {isa = PBXBuildFile; fileRef = B794240F27622E2900633C19 /* Preview Assets.xcassets */; };
		B794241C27622EB600633C19 /* CameraViewController.swift in Sources */ = {isa = PBXBuildFile; fileRef = B794241927622EB600633C19 /* CameraViewController.swift */; };
		B794241D27622EB600633C19 /* CameraView.swift in Sources */ = {isa = PBXBuildFile; fileRef = B794241A27622EB600633C19 /* CameraView.swift */; };
		B794241E27622EB600633C19 /* CameraViewWrapper.swift in Sources */ = {isa = PBXBuildFile; fileRef = B794241B27622EB600633C19 /* CameraViewWrapper.swift */; };
		B794242027622EF800633C19 /* PoseEstimator.swift in Sources */ = {isa = PBXBuildFile; fileRef = B794241F27622EF800633C19 /* PoseEstimator.swift */; };
		B794242227622F1400633C19 /* StickFigureView.swift in Sources */ = {isa = PBXBuildFile; fileRef = B794242127622F1400633C19 /* StickFigureView.swift */; };
		B794242627622F3400633C19 /* Shapes.swift in Sources */ = {isa = PBXBuildFile; fileRef = B794242527622F3400633C19 /* Shapes.swift */; };
		B794242927622F3F00633C19 /* CGPointExtension.swift in Sources */ = {isa = PBXBuildFile; fileRef = B794242827622F3F00633C19 /* CGPointExtension.swift */; };
/* End PBXBuildFile section */

/* Begin PBXFileReference section */
		A3644097276A0FD10022157A /* Circle.swift */ = {isa = PBXFileReference; lastKnownFileType = sourcecode.swift; path = Circle.swift; sourceTree = "<group>"; };
		B794240527622E2600633C19 /* VisionApp.app */ = {isa = PBXFileReference; explicitFileType = wrapper.application; includeInIndex = 0; path = VisionApp.app; sourceTree = BUILT_PRODUCTS_DIR; };
		B794240827622E2600633C19 /* VisionApp.swift */ = {isa = PBXFileReference; lastKnownFileType = sourcecode.swift; path = VisionApp.swift; sourceTree = "<group>"; };
		B794240A27622E2600633C19 /* ContentView.swift */ = {isa = PBXFileReference; lastKnownFileType = sourcecode.swift; path = ContentView.swift; sourceTree = "<group>"; };
		B794240C27622E2900633C19 /* Assets.xcassets */ = {isa = PBXFileReference; lastKnownFileType = folder.assetcatalog; path = Assets.xcassets; sourceTree = "<group>"; };
		B794240F27622E2900633C19 /* Preview Assets.xcassets */ = {isa = PBXFileReference; lastKnownFileType = folder.assetcatalog; path = "Preview Assets.xcassets"; sourceTree = "<group>"; };
		B794241927622EB600633C19 /* CameraViewController.swift */ = {isa = PBXFileReference; fileEncoding = 4; lastKnownFileType = sourcecode.swift; path = CameraViewController.swift; sourceTree = "<group>"; };
		B794241A27622EB600633C19 /* CameraView.swift */ = {isa = PBXFileReference; fileEncoding = 4; lastKnownFileType = sourcecode.swift; path = CameraView.swift; sourceTree = "<group>"; };
		B794241B27622EB600633C19 /* CameraViewWrapper.swift */ = {isa = PBXFileReference; fileEncoding = 4; lastKnownFileType = sourcecode.swift; path = CameraViewWrapper.swift; sourceTree = "<group>"; };
		B794241F27622EF800633C19 /* PoseEstimator.swift */ = {isa = PBXFileReference; fileEncoding = 4; lastKnownFileType = sourcecode.swift; path = PoseEstimator.swift; sourceTree = "<group>"; };
		B794242127622F1400633C19 /* StickFigureView.swift */ = {isa = PBXFileReference; fileEncoding = 4; lastKnownFileType = sourcecode.swift; path = StickFigureView.swift; sourceTree = "<group>"; };
		B794242527622F3400633C19 /* Shapes.swift */ = {isa = PBXFileReference; fileEncoding = 4; lastKnownFileType = sourcecode.swift; path = Shapes.swift; sourceTree = "<group>"; };
		B794242827622F3F00633C19 /* CGPointExtension.swift */ = {isa = PBXFileReference; fileEncoding = 4; lastKnownFileType = sourcecode.swift; path = CGPointExtension.swift; sourceTree = "<group>"; };
/* End PBXFileReference section */

/* Begin PBXFrameworksBuildPhase section */
		B794240227622E2600633C19 /* Frameworks */ = {
			isa = PBXFrameworksBuildPhase;
			buildActionMask = 2147483647;
			files = (
			);
			runOnlyForDeploymentPostprocessing = 0;
		};
/* End PBXFrameworksBuildPhase section */

/* Begin PBXGroup section */
		B79423FC27622E2600633C19 = {
			isa = PBXGroup;
			children = (
				B794240727622E2600633C19 /* Vision */,
				B794240627622E2600633C19 /* Products */,
			);
			sourceTree = "<group>";
		};
		B794240627622E2600633C19 /* Products */ = {
			isa = PBXGroup;
			children = (
				B794240527622E2600633C19 /* VisionApp.app */,
			);
			name = Products;
			sourceTree = "<group>";
		};
		B794240727622E2600633C19 /* Vision */ = {
			isa = PBXGroup;
			children = (
				B794240827622E2600633C19 /* VisionApp.swift */,
				B794241F27622EF800633C19 /* PoseEstimator.swift */,
				B794242327622F1A00633C19 /* View */,
				B794241827622EB600633C19 /* UIKit */,
				B794240C27622E2900633C19 /* Assets.xcassets */,
				B794242727622F3F00633C19 /* Extensions */,
				B794242427622F3400633C19 /* Shapes */,
				B794240E27622E2900633C19 /* Preview Content */,
			);
			path = Vision;
			sourceTree = "<group>";
		};
		B794240E27622E2900633C19 /* Preview Content */ = {
			isa = PBXGroup;
			children = (
				B794240F27622E2900633C19 /* Preview Assets.xcassets */,
			);
			path = "Preview Content";
			sourceTree = "<group>";
		};
		B794241827622EB600633C19 /* UIKit */ = {
			isa = PBXGroup;
			children = (
				B794241927622EB600633C19 /* CameraViewController.swift */,
				B794241A27622EB600633C19 /* CameraView.swift */,
				B794241B27622EB600633C19 /* CameraViewWrapper.swift */,
			);
			path = UIKit;
			sourceTree = "<group>";
		};
		B794242327622F1A00633C19 /* View */ = {
			isa = PBXGroup;
			children = (
				B794240A27622E2600633C19 /* ContentView.swift */,
				B794242127622F1400633C19 /* StickFigureView.swift */,
			);
			path = View;
			sourceTree = "<group>";
		};
		B794242427622F3400633C19 /* Shapes */ = {
			isa = PBXGroup;
			children = (
				B794242527622F3400633C19 /* Shapes.swift */,
				A3644097276A0FD10022157A /* Circle.swift */,
			);
			path = Shapes;
			sourceTree = "<group>";
		};
		B794242727622F3F00633C19 /* Extensions */ = {
			isa = PBXGroup;
			children = (
				B794242827622F3F00633C19 /* CGPointExtension.swift */,
			);
			path = Extensions;
			sourceTree = "<group>";
		};
/* End PBXGroup section */

/* Begin PBXNativeTarget section */
		B794240427622E2600633C19 /* VisionApp */ = {
			isa = PBXNativeTarget;
			buildConfigurationList = B794241327622E2900633C19 /* Build configuration list for PBXNativeTarget "VisionApp" */;
			buildPhases = (
				B794240127622E2600633C19 /* Sources */,
				B794240227622E2600633C19 /* Frameworks */,
				B794240327622E2600633C19 /* Resources */,
			);
			buildRules = (
			);
			dependencies = (
			);
			name = VisionApp;
			productName = Vision;
			productReference = B794240527622E2600633C19 /* VisionApp.app */;
			productType = "com.apple.product-type.application";
		};
/* End PBXNativeTarget section */

/* Begin PBXProject section */
		B79423FD27622E2600633C19 /* Project object */ = {
			isa = PBXProject;
			attributes = {
				BuildIndependentTargetsInParallel = 1;
				LastSwiftUpdateCheck = 1310;
				LastUpgradeCheck = 1310;
				TargetAttributes = {
					B794240427622E2600633C19 = {
						CreatedOnToolsVersion = 13.1;
					};
				};
			};
			buildConfigurationList = B794240027622E2600633C19 /* Build configuration list for PBXProject "VisionApp" */;
			compatibilityVersion = "Xcode 13.0";
			developmentRegion = en;
			hasScannedForEncodings = 0;
			knownRegions = (
				en,
				Base,
			);
			mainGroup = B79423FC27622E2600633C19;
			productRefGroup = B794240627622E2600633C19 /* Products */;
			projectDirPath = "";
			projectRoot = "";
			targets = (
				B794240427622E2600633C19 /* VisionApp */,
			);
		};
/* End PBXProject section */

/* Begin PBXResourcesBuildPhase section */
		B794240327622E2600633C19 /* Resources */ = {
			isa = PBXResourcesBuildPhase;
			buildActionMask = 2147483647;
			files = (
				B794241027622E2900633C19 /* Preview Assets.xcassets in Resources */,
				B794240D27622E2900633C19 /* Assets.xcassets in Resources */,
			);
			runOnlyForDeploymentPostprocessing = 0;
		};
/* End PBXResourcesBuildPhase section */

/* Begin PBXSourcesBuildPhase section */
		B794240127622E2600633C19 /* Sources */ = {
			isa = PBXSourcesBuildPhase;
			buildActionMask = 2147483647;
			files = (
				B794241C27622EB600633C19 /* CameraViewController.swift in Sources */,
				B794240B27622E2600633C19 /* ContentView.swift in Sources */,
				B794242227622F1400633C19 /* StickFigureView.swift in Sources */,
				B794242627622F3400633C19 /* Shapes.swift in Sources */,
				B794241D27622EB600633C19 /* CameraView.swift in Sources */,
				A3644098276A0FD10022157A /* Circle.swift in Sources */,
				B794240927622E2600633C19 /* VisionApp.swift in Sources */,
				B794241E27622EB600633C19 /* CameraViewWrapper.swift in Sources */,
				B794242027622EF800633C19 /* PoseEstimator.swift in Sources */,
				B794242927622F3F00633C19 /* CGPointExtension.swift in Sources */,
			);
			runOnlyForDeploymentPostprocessing = 0;
		};
/* End PBXSourcesBuildPhase section */

/* Begin XCBuildConfiguration section */
		B794241127622E2900633C19 /* Debug */ = {
			isa = XCBuildConfiguration;
			buildSettings = {
				ALWAYS_SEARCH_USER_PATHS = NO;
				CLANG_ANALYZER_NONNULL = YES;
				CLANG_ANALYZER_NUMBER_OBJECT_CONVERSION = YES_AGGRESSIVE;
				CLANG_CXX_LANGUAGE_STANDARD = "gnu++17";
				CLANG_CXX_LIBRARY = "libc++";
				CLANG_ENABLE_MODULES = YES;
				CLANG_ENABLE_OBJC_ARC = YES;
				CLANG_ENABLE_OBJC_WEAK = YES;
				CLANG_WARN_BLOCK_CAPTURE_AUTORELEASING = YES;
				CLANG_WARN_BOOL_CONVERSION = YES;
				CLANG_WARN_COMMA = YES;
				CLANG_WARN_CONSTANT_CONVERSION = YES;
				CLANG_WARN_DEPRECATED_OBJC_IMPLEMENTATIONS = YES;
				CLANG_WARN_DIRECT_OBJC_ISA_USAGE = YES_ERROR;
				CLANG_WARN_DOCUMENTATION_COMMENTS = YES;
				CLANG_WARN_EMPTY_BODY = YES;
				CLANG_WARN_ENUM_CONVERSION = YES;
				CLANG_WARN_INFINITE_RECURSION = YES;
				CLANG_WARN_INT_CONVERSION = YES;
				CLANG_WARN_NON_LITERAL_NULL_CONVERSION = YES;
				CLANG_WARN_OBJC_IMPLICIT_RETAIN_SELF = YES;
				CLANG_WARN_OBJC_LITERAL_CONVERSION = YES;
				CLANG_WARN_OBJC_ROOT_CLASS = YES_ERROR;
				CLANG_WARN_QUOTED_INCLUDE_IN_FRAMEWORK_HEADER = YES;
				CLANG_WARN_RANGE_LOOP_ANALYSIS = YES;
				CLANG_WARN_STRICT_PROTOTYPES = YES;
				CLANG_WARN_SUSPICIOUS_MOVE = YES;
				CLANG_WARN_UNGUARDED_AVAILABILITY = YES_AGGRESSIVE;
				CLANG_WARN_UNREACHABLE_CODE = YES;
				CLANG_WARN__DUPLICATE_METHOD_MATCH = YES;
				COPY_PHASE_STRIP = NO;
				DEBUG_INFORMATION_FORMAT = dwarf;
				ENABLE_STRICT_OBJC_MSGSEND = YES;
				ENABLE_TESTABILITY = YES;
				GCC_C_LANGUAGE_STANDARD = gnu11;
				GCC_DYNAMIC_NO_PIC = NO;
				GCC_NO_COMMON_BLOCKS = YES;
				GCC_OPTIMIZATION_LEVEL = 0;
				GCC_PREPROCESSOR_DEFINITIONS = (
					"DEBUG=1",
					"$(inherited)",
				);
				GCC_WARN_64_TO_32_BIT_CONVERSION = YES;
				GCC_WARN_ABOUT_RETURN_TYPE = YES_ERROR;
				GCC_WARN_UNDECLARED_SELECTOR = YES;
				GCC_WARN_UNINITIALIZED_AUTOS = YES_AGGRESSIVE;
				GCC_WARN_UNUSED_FUNCTION = YES;
				GCC_WARN_UNUSED_VARIABLE = YES;
				IPHONEOS_DEPLOYMENT_TARGET = 15.0;
				MTL_ENABLE_DEBUG_INFO = INCLUDE_SOURCE;
				MTL_FAST_MATH = YES;
				ONLY_ACTIVE_ARCH = YES;
				SDKROOT = iphoneos;
				SWIFT_ACTIVE_COMPILATION_CONDITIONS = DEBUG;
				SWIFT_OPTIMIZATION_LEVEL = "-Onone";
			};
			name = Debug;
		};
		B794241227622E2900633C19 /* Release */ = {
			isa = XCBuildConfiguration;
			buildSettings = {
				ALWAYS_SEARCH_USER_PATHS = NO;
				CLANG_ANALYZER_NONNULL = YES;
				CLANG_ANALYZER_NUMBER_OBJECT_CONVERSION = YES_AGGRESSIVE;
				CLANG_CXX_LANGUAGE_STANDARD = "gnu++17";
				CLANG_CXX_LIBRARY = "libc++";
				CLANG_ENABLE_MODULES = YES;
				CLANG_ENABLE_OBJC_ARC = YES;
				CLANG_ENABLE_OBJC_WEAK = YES;
				CLANG_WARN_BLOCK_CAPTURE_AUTORELEASING = YES;
				CLANG_WARN_BOOL_CONVERSION = YES;
				CLANG_WARN_COMMA = YES;
				CLANG_WARN_CONSTANT_CONVERSION = YES;
				CLANG_WARN_DEPRECATED_OBJC_IMPLEMENTATIONS = YES;
				CLANG_WARN_DIRECT_OBJC_ISA_USAGE = YES_ERROR;
				CLANG_WARN_DOCUMENTATION_COMMENTS = YES;
				CLANG_WARN_EMPTY_BODY = YES;
				CLANG_WARN_ENUM_CONVERSION = YES;
				CLANG_WARN_INFINITE_RECURSION = YES;
				CLANG_WARN_INT_CONVERSION = YES;
				CLANG_WARN_NON_LITERAL_NULL_CONVERSION = YES;
				CLANG_WARN_OBJC_IMPLICIT_RETAIN_SELF = YES;
				CLANG_WARN_OBJC_LITERAL_CONVERSION = YES;
				CLANG_WARN_OBJC_ROOT_CLASS = YES_ERROR;
				CLANG_WARN_QUOTED_INCLUDE_IN_FRAMEWORK_HEADER = YES;
				CLANG_WARN_RANGE_LOOP_ANALYSIS = YES;
				CLANG_WARN_STRICT_PROTOTYPES = YES;
				CLANG_WARN_SUSPICIOUS_MOVE = YES;
				CLANG_WARN_UNGUARDED_AVAILABILITY = YES_AGGRESSIVE;
				CLANG_WARN_UNREACHABLE_CODE = YES;
				CLANG_WARN__DUPLICATE_METHOD_MATCH = YES;
				COPY_PHASE_STRIP = NO;
				DEBUG_INFORMATION_FORMAT = "dwarf-with-dsym";
				ENABLE_NS_ASSERTIONS = NO;
				ENABLE_STRICT_OBJC_MSGSEND = YES;
				GCC_C_LANGUAGE_STANDARD = gnu11;
				GCC_NO_COMMON_BLOCKS = YES;
				GCC_WARN_64_TO_32_BIT_CONVERSION = YES;
				GCC_WARN_ABOUT_RETURN_TYPE = YES_ERROR;
				GCC_WARN_UNDECLARED_SELECTOR = YES;
				GCC_WARN_UNINITIALIZED_AUTOS = YES_AGGRESSIVE;
				GCC_WARN_UNUSED_FUNCTION = YES;
				GCC_WARN_UNUSED_VARIABLE = YES;
				IPHONEOS_DEPLOYMENT_TARGET = 15.0;
				MTL_ENABLE_DEBUG_INFO = NO;
				MTL_FAST_MATH = YES;
				SDKROOT = iphoneos;
				SWIFT_COMPILATION_MODE = wholemodule;
				SWIFT_OPTIMIZATION_LEVEL = "-O";
				VALIDATE_PRODUCT = YES;
			};
			name = Release;
		};
		B794241427622E2900633C19 /* Debug */ = {
			isa = XCBuildConfiguration;
			buildSettings = {
				ASSETCATALOG_COMPILER_APPICON_NAME = AppIcon;
				ASSETCATALOG_COMPILER_GLOBAL_ACCENT_COLOR_NAME = AccentColor;
				CODE_SIGN_IDENTITY = "Apple Development";
				CODE_SIGN_STYLE = Automatic;
				CURRENT_PROJECT_VERSION = 1;
				DEVELOPMENT_ASSET_PATHS = "\"Vision/Preview Content\"";
				DEVELOPMENT_TEAM = MPDGGLB3DM;
				ENABLE_PREVIEWS = YES;
				GENERATE_INFOPLIST_FILE = YES;
				INFOPLIST_KEY_NSCameraUsageDescription = "Detect exercise";
				INFOPLIST_KEY_UIApplicationSceneManifest_Generation = YES;
				INFOPLIST_KEY_UIApplicationSupportsIndirectInputEvents = YES;
				INFOPLIST_KEY_UILaunchScreen_Generation = YES;
				INFOPLIST_KEY_UISupportedInterfaceOrientations_iPad = "UIInterfaceOrientationPortrait UIInterfaceOrientationPortraitUpsideDown UIInterfaceOrientationLandscapeLeft UIInterfaceOrientationLandscapeRight";
				INFOPLIST_KEY_UISupportedInterfaceOrientations_iPhone = "UIInterfaceOrientationPortrait UIInterfaceOrientationLandscapeLeft UIInterfaceOrientationLandscapeRight";
				IPHONEOS_DEPLOYMENT_TARGET = 14.0;
				LD_RUNPATH_SEARCH_PATHS = (
					"$(inherited)",
					"@executable_path/Frameworks",
				);
				MARKETING_VERSION = 1.0;
				PRODUCT_BUNDLE_IDENTIFIER = com.harinder.app;
				PRODUCT_NAME = VisionApp;
				PROVISIONING_PROFILE_SPECIFIER = "";
				SWIFT_EMIT_LOC_STRINGS = YES;
				SWIFT_VERSION = 5.0;
				TARGETED_DEVICE_FAMILY = 1;
			};
			name = Debug;
		};
		B794241527622E2900633C19 /* Release */ = {
			isa = XCBuildConfiguration;
			buildSettings = {
				ASSETCATALOG_COMPILER_APPICON_NAME = AppIcon;
				ASSETCATALOG_COMPILER_GLOBAL_ACCENT_COLOR_NAME = AccentColor;
				CODE_SIGN_IDENTITY = "Apple Development";
				CODE_SIGN_STYLE = Automatic;
				CURRENT_PROJECT_VERSION = 1;
				DEVELOPMENT_ASSET_PATHS = "\"Vision/Preview Content\"";
				DEVELOPMENT_TEAM = "";
				ENABLE_PREVIEWS = YES;
				GENERATE_INFOPLIST_FILE = YES;
				INFOPLIST_KEY_NSCameraUsageDescription = "Detect exercise";
				INFOPLIST_KEY_UIApplicationSceneManifest_Generation = YES;
				INFOPLIST_KEY_UIApplicationSupportsIndirectInputEvents = YES;
				INFOPLIST_KEY_UILaunchScreen_Generation = YES;
				INFOPLIST_KEY_UISupportedInterfaceOrientations_iPad = "UIInterfaceOrientationPortrait UIInterfaceOrientationPortraitUpsideDown UIInterfaceOrientationLandscapeLeft UIInterfaceOrientationLandscapeRight";
				INFOPLIST_KEY_UISupportedInterfaceOrientations_iPhone = "UIInterfaceOrientationPortrait UIInterfaceOrientationLandscapeLeft UIInterfaceOrientationLandscapeRight";
				IPHONEOS_DEPLOYMENT_TARGET = 14.0;
				LD_RUNPATH_SEARCH_PATHS = (
					"$(inherited)",
					"@executable_path/Frameworks",
				);
				MARKETING_VERSION = 1.0;
				PRODUCT_BUNDLE_IDENTIFIER = com.smartdata.FaceTouchCount;
				PRODUCT_NAME = VisionApp;
				PROVISIONING_PROFILE_SPECIFIER = "";
				SWIFT_EMIT_LOC_STRINGS = YES;
				SWIFT_VERSION = 5.0;
				TARGETED_DEVICE_FAMILY = 1;
			};
			name = Release;
		};
/* End XCBuildConfiguration section */

/* Begin XCConfigurationList section */
		B794240027622E2600633C19 /* Build configuration list for PBXProject "VisionApp" */ = {
			isa = XCConfigurationList;
			buildConfigurations = (
				B794241127622E2900633C19 /* Debug */,
				B794241227622E2900633C19 /* Release */,
			);
			defaultConfigurationIsVisible = 0;
			defaultConfigurationName = Release;
		};
		B794241327622E2900633C19 /* Build configuration list for PBXNativeTarget "VisionApp" */ = {
			isa = XCConfigurationList;
			buildConfigurations = (
				B794241427622E2900633C19 /* Debug */,
				B794241527622E2900633C19 /* Release */,
			);
			defaultConfigurationIsVisible = 0;
			defaultConfigurationName = Release;
		};
/* End XCConfigurationList section */
	};
	rootObject = B79423FD27622E2600633C19 /* Project object */;
}
